
Microsoft Visual Studio Solution File, Format Version 12.00
# Visual Studio Version 16
VisualStudioVersion = 16.0.31129.286
MinimumVisualStudioVersion = 10.0.40219.1
Project("{FAE04EC0-301F-11D3-BF4B-00C04F79EFBC}") = "StartsWithEndsWith", "StartsWithEndsWith\StartsWithEndsWith.csproj", "{7EBC1893-11D0-491B-98DE-50739D336EF9}"
EndProject
Global
	GlobalSection(SolutionConfigurationPlatforms) = preSolution
		Debug|Any CPU = Debug|Any CPU
		Release|Any CPU = Release|Any CPU
	EndGlobalSection
	GlobalSection(ProjectConfigurationPlatforms) = postSolution
		{7EBC1893-11D0-491B-98DE-50739D336EF9}.Debug|Any CPU.ActiveCfg = Debug|Any CPU
		{7EBC1893-11D0-491B-98DE-50739D336EF9}.Debug|Any CPU.Build.0 = Debug|Any CPU
		{7EBC1893-11D0-491B-98DE-50739D336EF9}.Release|Any CPU.ActiveCfg = Release|Any CPU
		{7EBC1893-11D0-491B-98DE-50739D336EF9}.Release|Any CPU.Build.0 = Release|Any CPU
	EndGlobalSection
	GlobalSection(SolutionProperties) = preSolution
		HideSolutionNode = FALSE
	EndGlobalSection
	GlobalSection(ExtensibilityGlobals) = postSolution
		SolutionGuid = {4638006B-5947-4BBC-9039-EEC334CDC2EE}
	EndGlobalSection
EndGlobal
