
Microsoft Visual Studio Solution File, Format Version 12.00
# Visual Studio Version 16
VisualStudioVersion = 16.0.31129.286
MinimumVisualStudioVersion = 10.0.40219.1
Project("{FAE04EC0-301F-11D3-BF4B-00C04F79EFBC}") = "DateTime01", "DateTime\DateTime01.csproj", "{2CCBF349-552C-456C-8177-D209CB560D55}"
EndProject
Global
	GlobalSection(SolutionConfigurationPlatforms) = preSolution
		Debug|Any CPU = Debug|Any CPU
		Release|Any CPU = Release|Any CPU
	EndGlobalSection
	GlobalSection(ProjectConfigurationPlatforms) = postSolution
		{2CCBF349-552C-456C-8177-D209CB560D55}.Debug|Any CPU.ActiveCfg = Debug|Any CPU
		{2CCBF349-552C-456C-8177-D209CB560D55}.Debug|Any CPU.Build.0 = Debug|Any CPU
		{2CCBF349-552C-456C-8177-D209CB560D55}.Release|Any CPU.ActiveCfg = Release|Any CPU
		{2CCBF349-552C-456C-8177-D209CB560D55}.Release|Any CPU.Build.0 = Release|Any CPU
	EndGlobalSection
	GlobalSection(SolutionProperties) = preSolution
		HideSolutionNode = FALSE
	EndGlobalSection
	GlobalSection(ExtensibilityGlobals) = postSolution
		SolutionGuid = {D1FA327F-2598-4933-851C-98D9297C2912}
	EndGlobalSection
EndGlobal
