
Microsoft Visual Studio Solution File, Format Version 12.00
# Visual Studio Version 16
VisualStudioVersion = 16.0.31129.286
MinimumVisualStudioVersion = 10.0.40219.1
Project("{FAE04EC0-301F-11D3-BF4B-00C04F79EFBC}") = "Equals", "Equals\Equals.csproj", "{4C8F55B7-06A5-4239-9875-0D2E0B3CF1F9}"
EndProject
Global
	GlobalSection(SolutionConfigurationPlatforms) = preSolution
		Debug|Any CPU = Debug|Any CPU
		Release|Any CPU = Release|Any CPU
	EndGlobalSection
	GlobalSection(ProjectConfigurationPlatforms) = postSolution
		{4C8F55B7-06A5-4239-9875-0D2E0B3CF1F9}.Debug|Any CPU.ActiveCfg = Debug|Any CPU
		{4C8F55B7-06A5-4239-9875-0D2E0B3CF1F9}.Debug|Any CPU.Build.0 = Debug|Any CPU
		{4C8F55B7-06A5-4239-9875-0D2E0B3CF1F9}.Release|Any CPU.ActiveCfg = Release|Any CPU
		{4C8F55B7-06A5-4239-9875-0D2E0B3CF1F9}.Release|Any CPU.Build.0 = Release|Any CPU
	EndGlobalSection
	GlobalSection(SolutionProperties) = preSolution
		HideSolutionNode = FALSE
	EndGlobalSection
	GlobalSection(ExtensibilityGlobals) = postSolution
		SolutionGuid = {3EC4B965-A713-48AD-B033-1C8367DEA86E}
	EndGlobalSection
EndGlobal
