
Microsoft Visual Studio Solution File, Format Version 12.00
# Visual Studio Version 16
VisualStudioVersion = 16.0.31129.286
MinimumVisualStudioVersion = 10.0.40219.1
Project("{FAE04EC0-301F-11D3-BF4B-00C04F79EFBC}") = "InterpolacaoStrings", "InterpolacaoStrings\InterpolacaoStrings.csproj", "{C98E35A1-E3BB-4751-8EF7-F2AB6DFE6096}"
EndProject
Global
	GlobalSection(SolutionConfigurationPlatforms) = preSolution
		Debug|Any CPU = Debug|Any CPU
		Release|Any CPU = Release|Any CPU
	EndGlobalSection
	GlobalSection(ProjectConfigurationPlatforms) = postSolution
		{C98E35A1-E3BB-4751-8EF7-F2AB6DFE6096}.Debug|Any CPU.ActiveCfg = Debug|Any CPU
		{C98E35A1-E3BB-4751-8EF7-F2AB6DFE6096}.Debug|Any CPU.Build.0 = Debug|Any CPU
		{C98E35A1-E3BB-4751-8EF7-F2AB6DFE6096}.Release|Any CPU.ActiveCfg = Release|Any CPU
		{C98E35A1-E3BB-4751-8EF7-F2AB6DFE6096}.Release|Any CPU.Build.0 = Release|Any CPU
	EndGlobalSection
	GlobalSection(SolutionProperties) = preSolution
		HideSolutionNode = FALSE
	EndGlobalSection
	GlobalSection(ExtensibilityGlobals) = postSolution
		SolutionGuid = {7146FDA2-BB7F-4552-A93A-DBE2389F420F}
	EndGlobalSection
EndGlobal
