
Microsoft Visual Studio Solution File, Format Version 12.00
# Visual Studio Version 16
VisualStudioVersion = 16.0.31112.23
MinimumVisualStudioVersion = 10.0.40219.1
Project("{FAE04EC0-301F-11D3-BF4B-00C04F79EFBC}") = "valueTypesReferencesTypes", "valueTypesReferencesTypes\valueTypesReferencesTypes.csproj", "{453B926C-66D8-4F17-9105-C5B0CBD039EE}"
EndProject
Global
	GlobalSection(SolutionConfigurationPlatforms) = preSolution
		Debug|Any CPU = Debug|Any CPU
		Release|Any CPU = Release|Any CPU
	EndGlobalSection
	GlobalSection(ProjectConfigurationPlatforms) = postSolution
		{453B926C-66D8-4F17-9105-C5B0CBD039EE}.Debug|Any CPU.ActiveCfg = Debug|Any CPU
		{453B926C-66D8-4F17-9105-C5B0CBD039EE}.Debug|Any CPU.Build.0 = Debug|Any CPU
		{453B926C-66D8-4F17-9105-C5B0CBD039EE}.Release|Any CPU.ActiveCfg = Release|Any CPU
		{453B926C-66D8-4F17-9105-C5B0CBD039EE}.Release|Any CPU.Build.0 = Release|Any CPU
	EndGlobalSection
	GlobalSection(SolutionProperties) = preSolution
		HideSolutionNode = FALSE
	EndGlobalSection
	GlobalSection(ExtensibilityGlobals) = postSolution
		SolutionGuid = {184B0AA9-CB64-440E-9E26-62A108CE3DB0}
	EndGlobalSection
EndGlobal
